
Microsoft Visual Studio Solution File, Format Version 12.00
# Visual Studio Version 17
VisualStudioVersion = 17.1.32414.318
MinimumVisualStudioVersion = 10.0.40219.1
Project("{FAE04EC0-301F-11D3-BF4B-00C04F79EFBC}") = "Movies.Data", "Movies.Data\Movies.Data.csproj", "{284DB87B-78EE-4CD0-ABB4-FF331F1CE903}"
EndProject
Project("{FAE04EC0-301F-11D3-BF4B-00C04F79EFBC}") = "Movies.API", "Movies.API\Movies.API.csproj", "{83F30F65-8793-4960-85F5-175430FCF460}"
EndProject
Global
	GlobalSection(SolutionConfigurationPlatforms) = preSolution
		Debug|Any CPU = Debug|Any CPU
		Release|Any CPU = Release|Any CPU
	EndGlobalSection
	GlobalSection(ProjectConfigurationPlatforms) = postSolution
		{284DB87B-78EE-4CD0-ABB4-FF331F1CE903}.Debug|Any CPU.ActiveCfg = Debug|Any CPU
		{284DB87B-78EE-4CD0-ABB4-FF331F1CE903}.Debug|Any CPU.Build.0 = Debug|Any CPU
		{284DB87B-78EE-4CD0-ABB4-FF331F1CE903}.Release|Any CPU.ActiveCfg = Release|Any CPU
		{284DB87B-78EE-4CD0-ABB4-FF331F1CE903}.Release|Any CPU.Build.0 = Release|Any CPU
		{83F30F65-8793-4960-85F5-175430FCF460}.Debug|Any CPU.ActiveCfg = Debug|Any CPU
		{83F30F65-8793-4960-85F5-175430FCF460}.Debug|Any CPU.Build.0 = Debug|Any CPU
		{83F30F65-8793-4960-85F5-175430FCF460}.Release|Any CPU.ActiveCfg = Release|Any CPU
		{83F30F65-8793-4960-85F5-175430FCF460}.Release|Any CPU.Build.0 = Release|Any CPU
	EndGlobalSection
	GlobalSection(SolutionProperties) = preSolution
		HideSolutionNode = FALSE
	EndGlobalSection
	GlobalSection(ExtensibilityGlobals) = postSolution
		SolutionGuid = {FBB9AD1B-2D06-4CF1-BD22-049839DC3E40}
	EndGlobalSection
EndGlobal
